
Microsoft Visual Studio Solution File, Format Version 12.00
# Visual Studio Version 16
VisualStudioVersion = 16.0.31624.102
MinimumVisualStudioVersion = 10.0.40219.1
Project("{FAE04EC0-301F-11D3-BF4B-00C04F79EFBC}") = "ProjAtendimento", "ProjAtendimento\ProjAtendimento.csproj", "{F3E38D5D-55DA-4DCD-8F9E-36D2510CB442}"
EndProject
Global
	GlobalSection(SolutionConfigurationPlatforms) = preSolution
		Debug|Any CPU = Debug|Any CPU
		Release|Any CPU = Release|Any CPU
	EndGlobalSection
	GlobalSection(ProjectConfigurationPlatforms) = postSolution
		{F3E38D5D-55DA-4DCD-8F9E-36D2510CB442}.Debug|Any CPU.ActiveCfg = Debug|Any CPU
		{F3E38D5D-55DA-4DCD-8F9E-36D2510CB442}.Debug|Any CPU.Build.0 = Debug|Any CPU
		{F3E38D5D-55DA-4DCD-8F9E-36D2510CB442}.Release|Any CPU.ActiveCfg = Release|Any CPU
		{F3E38D5D-55DA-4DCD-8F9E-36D2510CB442}.Release|Any CPU.Build.0 = Release|Any CPU
	EndGlobalSection
	GlobalSection(SolutionProperties) = preSolution
		HideSolutionNode = FALSE
	EndGlobalSection
	GlobalSection(ExtensibilityGlobals) = postSolution
		SolutionGuid = {2072A4A8-AF77-4427-AF77-A79350775FF5}
	EndGlobalSection
EndGlobal
